
Microsoft Visual Studio Solution File, Format Version 12.00
# Visual Studio 2012
Project("{FAE04EC0-301F-11D3-BF4B-00C04F79EFBC}") = "HelperMethodsPart1and2Davis", "HelperMethodsPart1and2Davis\HelperMethodsPart1and2Davis.csproj", "{5AC03E0A-0778-41A9-AD42-9F9A34EE6D57}"
EndProject
Global
	GlobalSection(SolutionConfigurationPlatforms) = preSolution
		Debug|x86 = Debug|x86
		Release|x86 = Release|x86
	EndGlobalSection
	GlobalSection(ProjectConfigurationPlatforms) = postSolution
		{5AC03E0A-0778-41A9-AD42-9F9A34EE6D57}.Debug|x86.ActiveCfg = Debug|x86
		{5AC03E0A-0778-41A9-AD42-9F9A34EE6D57}.Debug|x86.Build.0 = Debug|x86
		{5AC03E0A-0778-41A9-AD42-9F9A34EE6D57}.Release|x86.ActiveCfg = Release|x86
		{5AC03E0A-0778-41A9-AD42-9F9A34EE6D57}.Release|x86.Build.0 = Release|x86
	EndGlobalSection
EndGlobal
